
Microsoft Visual Studio Solution File, Format Version 12.00
# Visual Studio Version 17
VisualStudioVersion = 17.5.33530.505
MinimumVisualStudioVersion = 10.0.40219.1
Project("{FAE04EC0-301F-11D3-BF4B-00C04F79EFBC}") = "Heap_Report", "Heap_Report\Heap_Report.csproj", "{FCDC6F5D-73E7-4FCA-A57F-9D19D377770A}"
EndProject
Global
	GlobalSection(SolutionConfigurationPlatforms) = preSolution
		Debug|Any CPU = Debug|Any CPU
		Release|Any CPU = Release|Any CPU
	EndGlobalSection
	GlobalSection(ProjectConfigurationPlatforms) = postSolution
		{FCDC6F5D-73E7-4FCA-A57F-9D19D377770A}.Debug|Any CPU.ActiveCfg = Debug|Any CPU
		{FCDC6F5D-73E7-4FCA-A57F-9D19D377770A}.Debug|Any CPU.Build.0 = Debug|Any CPU
		{FCDC6F5D-73E7-4FCA-A57F-9D19D377770A}.Release|Any CPU.ActiveCfg = Release|Any CPU
		{FCDC6F5D-73E7-4FCA-A57F-9D19D377770A}.Release|Any CPU.Build.0 = Release|Any CPU
	EndGlobalSection
	GlobalSection(SolutionProperties) = preSolution
		HideSolutionNode = FALSE
	EndGlobalSection
	GlobalSection(ExtensibilityGlobals) = postSolution
		SolutionGuid = {300A48BA-11D5-4BED-BA8B-9DFEFDCED267}
	EndGlobalSection
EndGlobal
